
Microsoft Visual Studio Solution File, Format Version 12.00
# Visual Studio 15
VisualStudioVersion = 15.0.28307.1267
MinimumVisualStudioVersion = 10.0.40219.1
Project("{FAE04EC0-301F-11D3-BF4B-00C04F79EFBC}") = "notepad", "notepad\notepad.csproj", "{B6D16E8A-D4A5-4BD9-8A9A-37F70CD0BB54}"
EndProject
Global
	GlobalSection(SolutionConfigurationPlatforms) = preSolution
		Debug|Any CPU = Debug|Any CPU
		Release|Any CPU = Release|Any CPU
	EndGlobalSection
	GlobalSection(ProjectConfigurationPlatforms) = postSolution
		{B6D16E8A-D4A5-4BD9-8A9A-37F70CD0BB54}.Debug|Any CPU.ActiveCfg = Debug|Any CPU
		{B6D16E8A-D4A5-4BD9-8A9A-37F70CD0BB54}.Debug|Any CPU.Build.0 = Debug|Any CPU
		{B6D16E8A-D4A5-4BD9-8A9A-37F70CD0BB54}.Release|Any CPU.ActiveCfg = Release|Any CPU
		{B6D16E8A-D4A5-4BD9-8A9A-37F70CD0BB54}.Release|Any CPU.Build.0 = Release|Any CPU
	EndGlobalSection
	GlobalSection(SolutionProperties) = preSolution
		HideSolutionNode = FALSE
	EndGlobalSection
	GlobalSection(ExtensibilityGlobals) = postSolution
		SolutionGuid = {308BE45E-E7B8-47B8-B68E-76F6AE078BF8}
	EndGlobalSection
EndGlobal
